<?xml version="1.0" encoding="utf-8"?>
<Project ToolsVersion="4.0" xmlns="http://schemas.microsoft.com/developer/msbuild/2003">
  <ItemGroup>
    <Filter Include="Resource Files">
      <UniqueIdentifier>{67DA6AB6-F800-4c08-8B7A-83BB121AAD01}</UniqueIdentifier>
      <Extensions>rc;ico;cur;bmp;dlg;rc2;rct;bin;rgs;gif;jpg;jpeg;jpe;resx;tiff;tif;png;wav;mfcribbon-ms</Extensions>
    </Filter>
  </ItemGroup>
  <ItemGroup>
    <ClInclude Include="Camera.h" />
    <ClInclude Include="Common.h" />
    <ClInclude Include="DayFactory.h" />
    <ClInclude Include="EvCamera.h" />
    <ClInclude Include="EvDayFactory.h" />
    <ClInclude Include="EvLens.h" />
    <ClInclude Include="HoCamera.h" />
    <ClInclude Include="HoDayFactory.h" />
    <ClInclude Include="HoLens.h" />
    <ClInclude Include="Lens.h" />
    <ClInclude Include="Tester.h" />
  </ItemGroup>
  <ItemGroup>
    <ClCompile Include="main.cpp" />
    <ClCompile Include="Tester.cpp" />
  </ItemGroup>
</Project>