
Microsoft Visual Studio Solution File, Format Version 12.00
# Visual Studio 14
VisualStudioVersion = 14.0.24720.0
MinimumVisualStudioVersion = 10.0.40219.1
Project("{8BC9CEB8-8B4A-11D0-8D11-00A0C91BC942}") = "Builder", "Builder.vcxproj", "{C70D139E-E6BA-4F5A-83A1-60876668316E}"
EndProject
Global
	GlobalSection(SolutionConfigurationPlatforms) = preSolution
		Debug|Win32 = Debug|Win32
		Debug|x64 = Debug|x64
		DebugMT|Win32 = DebugMT|Win32
		DebugMT|x64 = DebugMT|x64
		Release|Win32 = Release|Win32
		Release|x64 = Release|x64
		ReleaseMT|Win32 = ReleaseMT|Win32
		ReleaseMT|x64 = ReleaseMT|x64
	EndGlobalSection
	GlobalSection(ProjectConfigurationPlatforms) = postSolution
		{C70D139E-E6BA-4F5A-83A1-60876668316E}.Debug|Win32.ActiveCfg = Debug|Win32
		{C70D139E-E6BA-4F5A-83A1-60876668316E}.Debug|Win32.Build.0 = Debug|Win32
		{C70D139E-E6BA-4F5A-83A1-60876668316E}.Debug|x64.ActiveCfg = Debug|x64
		{C70D139E-E6BA-4F5A-83A1-60876668316E}.Debug|x64.Build.0 = Debug|x64
		{C70D139E-E6BA-4F5A-83A1-60876668316E}.DebugMT|Win32.ActiveCfg = DebugMT|Win32
		{C70D139E-E6BA-4F5A-83A1-60876668316E}.DebugMT|Win32.Build.0 = DebugMT|Win32
		{C70D139E-E6BA-4F5A-83A1-60876668316E}.DebugMT|x64.ActiveCfg = DebugMT|x64
		{C70D139E-E6BA-4F5A-83A1-60876668316E}.DebugMT|x64.Build.0 = DebugMT|x64
		{C70D139E-E6BA-4F5A-83A1-60876668316E}.Release|Win32.ActiveCfg = Release|Win32
		{C70D139E-E6BA-4F5A-83A1-60876668316E}.Release|Win32.Build.0 = Release|Win32
		{C70D139E-E6BA-4F5A-83A1-60876668316E}.Release|x64.ActiveCfg = Release|x64
		{C70D139E-E6BA-4F5A-83A1-60876668316E}.Release|x64.Build.0 = Release|x64
		{C70D139E-E6BA-4F5A-83A1-60876668316E}.ReleaseMT|Win32.ActiveCfg = ReleaseMT|Win32
		{C70D139E-E6BA-4F5A-83A1-60876668316E}.ReleaseMT|Win32.Build.0 = ReleaseMT|Win32
		{C70D139E-E6BA-4F5A-83A1-60876668316E}.ReleaseMT|x64.ActiveCfg = ReleaseMT|x64
		{C70D139E-E6BA-4F5A-83A1-60876668316E}.ReleaseMT|x64.Build.0 = ReleaseMT|x64
	EndGlobalSection
	GlobalSection(SolutionProperties) = preSolution
		HideSolutionNode = FALSE
	EndGlobalSection
EndGlobal
